
Microsoft Visual Studio Solution File, Format Version 12.00
# Visual Studio 15
VisualStudioVersion = 15.0.26124.0
MinimumVisualStudioVersion = 15.0.26124.0
Project("{2150E333-8FDC-42A3-9474-1A3956D46DE8}") = "src", "src", "{740782A3-27E8-446B-B34E-50D956DC0ABE}"
EndProject
Project("{FAE04EC0-301F-11D3-BF4B-00C04F79EFBC}") = "CommandAPI", "src\CommandAPI\CommandAPI.csproj", "{6EDF5BFE-66A7-4098-AD81-FA29EB7C322E}"
EndProject
Project("{2150E333-8FDC-42A3-9474-1A3956D46DE8}") = "test", "test", "{A7DCB221-1E4E-4959-8E42-9323D2628B6F}"
EndProject
Project("{FAE04EC0-301F-11D3-BF4B-00C04F79EFBC}") = "CommandAPI.Tests", "test\CommandAPI.Tests\CommandAPI.Tests.csproj", "{484BC234-E89E-41E1-B54B-AC8CC4E1B415}"
EndProject
Global
	GlobalSection(SolutionConfigurationPlatforms) = preSolution
		Debug|Any CPU = Debug|Any CPU
		Debug|x64 = Debug|x64
		Debug|x86 = Debug|x86
		Release|Any CPU = Release|Any CPU
		Release|x64 = Release|x64
		Release|x86 = Release|x86
	EndGlobalSection
	GlobalSection(SolutionProperties) = preSolution
		HideSolutionNode = FALSE
	EndGlobalSection
	GlobalSection(ProjectConfigurationPlatforms) = postSolution
		{6EDF5BFE-66A7-4098-AD81-FA29EB7C322E}.Debug|Any CPU.ActiveCfg = Debug|Any CPU
		{6EDF5BFE-66A7-4098-AD81-FA29EB7C322E}.Debug|Any CPU.Build.0 = Debug|Any CPU
		{6EDF5BFE-66A7-4098-AD81-FA29EB7C322E}.Debug|x64.ActiveCfg = Debug|Any CPU
		{6EDF5BFE-66A7-4098-AD81-FA29EB7C322E}.Debug|x64.Build.0 = Debug|Any CPU
		{6EDF5BFE-66A7-4098-AD81-FA29EB7C322E}.Debug|x86.ActiveCfg = Debug|Any CPU
		{6EDF5BFE-66A7-4098-AD81-FA29EB7C322E}.Debug|x86.Build.0 = Debug|Any CPU
		{6EDF5BFE-66A7-4098-AD81-FA29EB7C322E}.Release|Any CPU.ActiveCfg = Release|Any CPU
		{6EDF5BFE-66A7-4098-AD81-FA29EB7C322E}.Release|Any CPU.Build.0 = Release|Any CPU
		{6EDF5BFE-66A7-4098-AD81-FA29EB7C322E}.Release|x64.ActiveCfg = Release|Any CPU
		{6EDF5BFE-66A7-4098-AD81-FA29EB7C322E}.Release|x64.Build.0 = Release|Any CPU
		{6EDF5BFE-66A7-4098-AD81-FA29EB7C322E}.Release|x86.ActiveCfg = Release|Any CPU
		{6EDF5BFE-66A7-4098-AD81-FA29EB7C322E}.Release|x86.Build.0 = Release|Any CPU
		{484BC234-E89E-41E1-B54B-AC8CC4E1B415}.Debug|Any CPU.ActiveCfg = Debug|Any CPU
		{484BC234-E89E-41E1-B54B-AC8CC4E1B415}.Debug|Any CPU.Build.0 = Debug|Any CPU
		{484BC234-E89E-41E1-B54B-AC8CC4E1B415}.Debug|x64.ActiveCfg = Debug|Any CPU
		{484BC234-E89E-41E1-B54B-AC8CC4E1B415}.Debug|x64.Build.0 = Debug|Any CPU
		{484BC234-E89E-41E1-B54B-AC8CC4E1B415}.Debug|x86.ActiveCfg = Debug|Any CPU
		{484BC234-E89E-41E1-B54B-AC8CC4E1B415}.Debug|x86.Build.0 = Debug|Any CPU
		{484BC234-E89E-41E1-B54B-AC8CC4E1B415}.Release|Any CPU.ActiveCfg = Release|Any CPU
		{484BC234-E89E-41E1-B54B-AC8CC4E1B415}.Release|Any CPU.Build.0 = Release|Any CPU
		{484BC234-E89E-41E1-B54B-AC8CC4E1B415}.Release|x64.ActiveCfg = Release|Any CPU
		{484BC234-E89E-41E1-B54B-AC8CC4E1B415}.Release|x64.Build.0 = Release|Any CPU
		{484BC234-E89E-41E1-B54B-AC8CC4E1B415}.Release|x86.ActiveCfg = Release|Any CPU
		{484BC234-E89E-41E1-B54B-AC8CC4E1B415}.Release|x86.Build.0 = Release|Any CPU
	EndGlobalSection
	GlobalSection(NestedProjects) = preSolution
		{6EDF5BFE-66A7-4098-AD81-FA29EB7C322E} = {740782A3-27E8-446B-B34E-50D956DC0ABE}
		{484BC234-E89E-41E1-B54B-AC8CC4E1B415} = {A7DCB221-1E4E-4959-8E42-9323D2628B6F}
	EndGlobalSection
EndGlobal
